
Microsoft Visual Studio Solution File, Format Version 12.00
# Visual Studio 15
VisualStudioVersion = 15.0.28010.2036
MinimumVisualStudioVersion = 10.0.40219.1
Project("{FAE04EC0-301F-11D3-BF4B-00C04F79EFBC}") = "OpenGLTest", "OpenGLTest\OpenGLTest.csproj", "{36C7898C-F8F4-465B-AB71-B32D36D767EB}"
EndProject
Global
	GlobalSection(SolutionConfigurationPlatforms) = preSolution
		Debug|Any CPU = Debug|Any CPU
		Release|Any CPU = Release|Any CPU
	EndGlobalSection
	GlobalSection(ProjectConfigurationPlatforms) = postSolution
		{36C7898C-F8F4-465B-AB71-B32D36D767EB}.Debug|Any CPU.ActiveCfg = Debug|Any CPU
		{36C7898C-F8F4-465B-AB71-B32D36D767EB}.Debug|Any CPU.Build.0 = Debug|Any CPU
		{36C7898C-F8F4-465B-AB71-B32D36D767EB}.Release|Any CPU.ActiveCfg = Release|Any CPU
		{36C7898C-F8F4-465B-AB71-B32D36D767EB}.Release|Any CPU.Build.0 = Release|Any CPU
	EndGlobalSection
	GlobalSection(SolutionProperties) = preSolution
		HideSolutionNode = FALSE
	EndGlobalSection
	GlobalSection(ExtensibilityGlobals) = postSolution
		SolutionGuid = {7D43DDA7-AB23-4858-8127-93E38120A009}
	EndGlobalSection
EndGlobal
